github.com/Devatoria/go-nsenter v0.0.0-20170612091819-0aa1e5f7748c h1:0wyUzrhNz+Ml0mF7jxBnVXYHnRqEUDCdP+eF/7zokDc=
github.com/Devatoria/go-nsenter v0.0.0-20170612091819-0aa1e5f7748c/go.mod h1:wZPxjx4ewoP80BLcEjRShmMpjvVP2kif7amvn5qmTO0=
github.com/google/go-cmp v0.5.9 h1:O2Tfq5qg4qc4AmwVlvv0oLiVAGB7enBSJ2x2DqQFi38=
github.com/google/go-cmp v0.5.9/go.mod h1:17dUlkBOakJ0+DkrSSNjCkIjxS6bF9zb3elmeNGIjoY=
github.com/prometheus/procfs v0.12.0 h1:jluTpSng7V9hY0O2R9DzzJHYb2xULk9VTR1V1R/k6Bo=
github.com/prometheus/procfs v0.12.0/go.mod h1:pcuDEFsWDnvcgNzo4EEweacyhjeA9Zk3cnaOZAZEfOo=
golang.org/x/sys v0.12.0 h1:CM0HF96J0hcLAwsHPJZjfdNzs0gftsLfgKt57wWHJ0o=
golang.org/x/sys v0.12.0/go.mod h1:oPkhp1MJrh7nUepCBck5+mAzfO9JrbApNNgaTdGDITg=
